{
  "lockfile_version": "1",
  "packages": {
    "argo@latest": {
      "last_modified": "2024-11-16T04:25:12Z",
      "resolved": "github:NixOS/nixpkgs/34a626458d686f1b58139620a8b2793e9e123bba#argo",
      "source": "devbox-search",
      "version": "3.5.12",
      "systems": {
        "aarch64-darwin": {
          "outputs": [
            {
              "name": "out",
              "path": "/nix/store/lc2cdz0v288absjjqf64v38hkh1yci46-argo-3.5.12",
              "default": true
            }
          ],
          "store_path": "/nix/store/lc2cdz0v288absjjqf64v38hkh1yci46-argo-3.5.12"
        },
        "aarch64-linux": {
          "outputs": [
            {
              "name": "out",
              "path": "/nix/store/73z0wpycbkh14wfbd50q6lpj3mchnf5v-argo-3.5.12",
              "default": true
            }
          ],
          "store_path": "/nix/store/73z0wpycbkh14wfbd50q6lpj3mchnf5v-argo-3.5.12"
        },
        "x86_64-darwin": {
          "outputs": [
            {
              "name": "out",
              "path": "/nix/store/x16mvg4hr7xy8sfzww6sinmbb1m5kd3r-argo-3.5.12",
              "default": true
            }
          ],
          "store_path": "/nix/store/x16mvg4hr7xy8sfzww6sinmbb1m5kd3r-argo-3.5.12"
        },
        "x86_64-linux": {
          "outputs": [
            {
              "name": "out",
              "path": "/nix/store/szx7q61fn5qgpg69d6g86hhrk5x16yzl-argo-3.5.12",
              "default": true
            }
          ],
          "store_path": "/nix/store/szx7q61fn5qgpg69d6g86hhrk5x16yzl-argo-3.5.12"
        }
      }
    },
    "argocd-autopilot@latest": {
      "last_modified": "2024-11-16T04:25:12Z",
      "resolved": "github:NixOS/nixpkgs/34a626458d686f1b58139620a8b2793e9e123bba#argocd-autopilot",
      "source": "devbox-search",
      "version": "0.4.17",
      "systems": {
        "aarch64-darwin": {
          "outputs": [
            {
              "name": "out",
              "path": "/nix/store/4p61032f2747alygarba8kxgcqjx8mh7-argocd-autopilot-0.4.17",
              "default": true
            }
          ],
          "store_path": "/nix/store/4p61032f2747alygarba8kxgcqjx8mh7-argocd-autopilot-0.4.17"
        },
        "aarch64-linux": {
          "outputs": [
            {
              "name": "out",
              "path": "/nix/store/154cdabxjphsyl96v2fki9ry3jjy3rbz-argocd-autopilot-0.4.17",
              "default": true
            }
          ],
          "store_path": "/nix/store/154cdabxjphsyl96v2fki9ry3jjy3rbz-argocd-autopilot-0.4.17"
        },
        "x86_64-darwin": {
          "outputs": [
            {
              "name": "out",
              "path": "/nix/store/rcx5iypvc4mhkr1lxrxm9xmrmrijf92d-argocd-autopilot-0.4.17",
              "default": true
            }
          ],
          "store_path": "/nix/store/rcx5iypvc4mhkr1lxrxm9xmrmrijf92d-argocd-autopilot-0.4.17"
        },
        "x86_64-linux": {
          "outputs": [
            {
              "name": "out",
              "path": "/nix/store/xxxcqddrwr1qx44g67ddyxwknfz3df8y-argocd-autopilot-0.4.17",
              "default": true
            }
          ],
          "store_path": "/nix/store/xxxcqddrwr1qx44g67ddyxwknfz3df8y-argocd-autopilot-0.4.17"
        }
      }
    },
    "argocd@latest": {
      "last_modified": "2024-11-16T04:25:12Z",
      "resolved": "github:NixOS/nixpkgs/34a626458d686f1b58139620a8b2793e9e123bba#argocd",
      "source": "devbox-search",
      "version": "2.12.6",
      "systems": {
        "aarch64-darwin": {
          "outputs": [
            {
              "name": "out",
              "path": "/nix/store/skyxhnjpwnpklaa7sxv3yh0madrwirdn-argocd-2.12.6",
              "default": true
            }
          ],
          "store_path": "/nix/store/skyxhnjpwnpklaa7sxv3yh0madrwirdn-argocd-2.12.6"
        },
        "aarch64-linux": {
          "outputs": [
            {
              "name": "out",
              "path": "/nix/store/nddkdwvjl10h9yj78n69g14d0bbqz0r8-argocd-2.12.6",
              "default": true
            }
          ],
          "store_path": "/nix/store/nddkdwvjl10h9yj78n69g14d0bbqz0r8-argocd-2.12.6"
        },
        "x86_64-darwin": {
          "outputs": [
            {
              "name": "out",
              "path": "/nix/store/k93pfi0inp6brf8n9avy84m7lk12js02-argocd-2.12.6",
              "default": true
            }
          ],
          "store_path": "/nix/store/k93pfi0inp6brf8n9avy84m7lk12js02-argocd-2.12.6"
        },
        "x86_64-linux": {
          "outputs": [
            {
              "name": "out",
              "path": "/nix/store/9zgragb0dxfn4jhh5z0279pv6c437xrq-argocd-2.12.6",
              "default": true
            }
          ],
          "store_path": "/nix/store/9zgragb0dxfn4jhh5z0279pv6c437xrq-argocd-2.12.6"
        }
      }
    },
    "curl@latest": {
      "last_modified": "2024-11-18T00:41:09Z",
      "resolved": "github:NixOS/nixpkgs/5083ec887760adfe12af64830a66807423a859a7#curl",
      "source": "devbox-search",
      "version": "8.11.0",
      "systems": {
        "aarch64-darwin": {
          "outputs": [
            {
              "name": "bin",
              "path": "/nix/store/nnikik66h1i9pirm86685gsx12cr9fix-curl-8.11.0-bin",
              "default": true
            },
            {
              "name": "man",
              "path": "/nix/store/ird5cbdpbf3zjlmnvrbk54vw26x511kk-curl-8.11.0-man",
              "default": true
            },
            {
              "name": "dev",
              "path": "/nix/store/7rmqp8prvgxac73s6sqymnkff18kmhxb-curl-8.11.0-dev"
            },
            {
              "name": "devdoc",
              "path": "/nix/store/q63dfwa5zlgya57vgk1wrsv1cggx17ag-curl-8.11.0-devdoc"
            },
            {
              "name": "out",
              "path": "/nix/store/b4mz7xlyv99bdrdb9z0yq1imgjwlx20l-curl-8.11.0"
            }
          ],
          "store_path": "/nix/store/nnikik66h1i9pirm86685gsx12cr9fix-curl-8.11.0-bin"
        },
        "aarch64-linux": {
          "outputs": [
            {
              "name": "bin",
              "path": "/nix/store/3h40h6q80knif55wvdx0qcz72fjw8crc-curl-8.11.0-bin",
              "default": true
            },
            {
              "name": "man",
              "path": "/nix/store/wx27cnm4x44gs13kdyiplrmvj03ab4q8-curl-8.11.0-man",
              "default": true
            },
            {
              "name": "debug",
              "path": "/nix/store/cfjpyw5bbslnl6a8n43bl1yjqnp8vbc1-curl-8.11.0-debug"
            },
            {
              "name": "dev",
              "path": "/nix/store/6ydf7d2j8lcszzvmadnyxsf11ikx517h-curl-8.11.0-dev"
            },
            {
              "name": "devdoc",
              "path": "/nix/store/img4rmd3gd8wiahagrfsscq812a7aggw-curl-8.11.0-devdoc"
            },
            {
              "name": "out",
              "path": "/nix/store/ygwnjglxwvmladk25fsdghzh2cacczfg-curl-8.11.0"
            }
          ],
          "store_path": "/nix/store/3h40h6q80knif55wvdx0qcz72fjw8crc-curl-8.11.0-bin"
        },
        "x86_64-darwin": {
          "outputs": [
            {
              "name": "bin",
              "path": "/nix/store/740pphyabn1dmrl58p26xdqfnfckbcir-curl-8.11.0-bin",
              "default": true
            },
            {
              "name": "man",
              "path": "/nix/store/jgnjz8ibbrnkm3ga27mfvwrqhqz3h0dx-curl-8.11.0-man",
              "default": true
            },
            {
              "name": "out",
              "path": "/nix/store/zjgsyb3n5sasw8jmixx97jh32ywrzspx-curl-8.11.0"
            },
            {
              "name": "dev",
              "path": "/nix/store/d3y9362zhb6jjw3aj98xnkj7a2f5ris0-curl-8.11.0-dev"
            },
            {
              "name": "devdoc",
              "path": "/nix/store/bzng06n0agwkxbgrk5rfm0i6hv6l8b6z-curl-8.11.0-devdoc"
            }
          ],
          "store_path": "/nix/store/740pphyabn1dmrl58p26xdqfnfckbcir-curl-8.11.0-bin"
        },
        "x86_64-linux": {
          "outputs": [
            {
              "name": "bin",
              "path": "/nix/store/glxqkgx86mir5f756zr7a7clgzhggg43-curl-8.11.0-bin",
              "default": true
            },
            {
              "name": "man",
              "path": "/nix/store/0pas219azsv4hpriqcwrr3fxis0g6fr1-curl-8.11.0-man",
              "default": true
            },
            {
              "name": "dev",
              "path": "/nix/store/nnsm67hycch65y7pandck3c28g9q5p7h-curl-8.11.0-dev"
            },
            {
              "name": "devdoc",
              "path": "/nix/store/8h3prj4fzbc2jl6df6l82hgf3yhvss1z-curl-8.11.0-devdoc"
            },
            {
              "name": "out",
              "path": "/nix/store/lz8snrzdzwkcbdjccqxd2r4f792cnwsg-curl-8.11.0"
            },
            {
              "name": "debug",
              "path": "/nix/store/1ydpd4pdb2cqm3cxy0awa62628cm04ab-curl-8.11.0-debug"
            }
          ],
          "store_path": "/nix/store/glxqkgx86mir5f756zr7a7clgzhggg43-curl-8.11.0-bin"
        }
      }
    },
    "docker@latest": {
      "last_modified": "2024-11-16T04:25:12Z",
      "resolved": "github:NixOS/nixpkgs/34a626458d686f1b58139620a8b2793e9e123bba#docker",
      "source": "devbox-search",
      "version": "27.3.1",
      "systems": {
        "aarch64-darwin": {
          "outputs": [
            {
              "name": "out",
              "path": "/nix/store/v69vm56w9v74ncyz5lccvmb8cvpsmq6p-docker-27.3.1",
              "default": true
            }
          ],
          "store_path": "/nix/store/v69vm56w9v74ncyz5lccvmb8cvpsmq6p-docker-27.3.1"
        },
        "aarch64-linux": {
          "outputs": [
            {
              "name": "out",
              "path": "/nix/store/zhr2pv6124qvwn53fzy8048y002k982l-docker-27.3.1",
              "default": true
            }
          ],
          "store_path": "/nix/store/zhr2pv6124qvwn53fzy8048y002k982l-docker-27.3.1"
        },
        "x86_64-darwin": {
          "outputs": [
            {
              "name": "out",
              "path": "/nix/store/gw7f9j1qabxasvhr5vr10a3knlpjhbam-docker-27.3.1",
              "default": true
            }
          ],
          "store_path": "/nix/store/gw7f9j1qabxasvhr5vr10a3knlpjhbam-docker-27.3.1"
        },
        "x86_64-linux": {
          "outputs": [
            {
              "name": "out",
              "path": "/nix/store/j4y5rj5qhk4qlya02vrxf3rj6402xrr9-docker-27.3.1",
              "default": true
            }
          ],
          "store_path": "/nix/store/j4y5rj5qhk4qlya02vrxf3rj6402xrr9-docker-27.3.1"
        }
      }
    },
    "git@latest": {
      "last_modified": "2024-11-16T04:25:12Z",
      "resolved": "github:NixOS/nixpkgs/34a626458d686f1b58139620a8b2793e9e123bba#git",
      "source": "devbox-search",
      "version": "2.47.0",
      "systems": {
        "aarch64-darwin": {
          "outputs": [
            {
              "name": "out",
              "path": "/nix/store/w5rggkxjd7z2cjk4fia9za7gb485pydw-git-2.47.0",
              "default": true
            },
            {
              "name": "doc",
              "path": "/nix/store/8r3g3kpmrgk1ih1wfyfxv0qrybaqqk6r-git-2.47.0-doc"
            }
          ],
          "store_path": "/nix/store/w5rggkxjd7z2cjk4fia9za7gb485pydw-git-2.47.0"
        },
        "aarch64-linux": {
          "outputs": [
            {
              "name": "out",
              "path": "/nix/store/50hslncwwrrzjwyrr5ifia29dxlmny03-git-2.47.0",
              "default": true
            },
            {
              "name": "debug",
              "path": "/nix/store/48mq59i2nmkay3qbqqjsgpsqhwnjvn7n-git-2.47.0-debug"
            },
            {
              "name": "doc",
              "path": "/nix/store/27xymgj2ah5j40iy407p9604nlg23whx-git-2.47.0-doc"
            }
          ],
          "store_path": "/nix/store/50hslncwwrrzjwyrr5ifia29dxlmny03-git-2.47.0"
        },
        "x86_64-darwin": {
          "outputs": [
            {
              "name": "out",
              "path": "/nix/store/w7a374fz8ai3swihnynx4r7hgqsw9xvd-git-2.47.0",
              "default": true
            },
            {
              "name": "doc",
              "path": "/nix/store/zm42fzcd69sc8jqcn22z5dhnj5rvrk39-git-2.47.0-doc"
            }
          ],
          "store_path": "/nix/store/w7a374fz8ai3swihnynx4r7hgqsw9xvd-git-2.47.0"
        },
        "x86_64-linux": {
          "outputs": [
            {
              "name": "out",
              "path": "/nix/store/pxpns5vm111i6j3r3wbygaj99wbrm6h1-git-2.47.0",
              "default": true
            },
            {
              "name": "debug",
              "path": "/nix/store/yzj0y9yq01yfqmpwvifwqlnws90yq60l-git-2.47.0-debug"
            },
            {
              "name": "doc",
              "path": "/nix/store/851nl4fknnygvx9qmkmm7iqlv66l4fzg-git-2.47.0-doc"
            }
          ],
          "store_path": "/nix/store/pxpns5vm111i6j3r3wbygaj99wbrm6h1-git-2.47.0"
        }
      }
    },
    "go-task@latest": {
      "last_modified": "2024-11-16T04:25:12Z",
      "resolved": "github:NixOS/nixpkgs/34a626458d686f1b58139620a8b2793e9e123bba#go-task",
      "source": "devbox-search",
      "version": "3.39.2",
      "systems": {
        "aarch64-darwin": {
          "outputs": [
            {
              "name": "out",
              "path": "/nix/store/n10k2bgg3kzp5r261m8lyyh1bmzwnxbm-go-task-3.39.2",
              "default": true
            }
          ],
          "store_path": "/nix/store/n10k2bgg3kzp5r261m8lyyh1bmzwnxbm-go-task-3.39.2"
        },
        "aarch64-linux": {
          "outputs": [
            {
              "name": "out",
              "path": "/nix/store/bi9d428x6r8hcngb7x7ijihp3ln6qjai-go-task-3.39.2",
              "default": true
            }
          ],
          "store_path": "/nix/store/bi9d428x6r8hcngb7x7ijihp3ln6qjai-go-task-3.39.2"
        },
        "x86_64-darwin": {
          "outputs": [
            {
              "name": "out",
              "path": "/nix/store/69byf24r00663kdim1yi4p04w53rvsix-go-task-3.39.2",
              "default": true
            }
          ],
          "store_path": "/nix/store/69byf24r00663kdim1yi4p04w53rvsix-go-task-3.39.2"
        },
        "x86_64-linux": {
          "outputs": [
            {
              "name": "out",
              "path": "/nix/store/055l0sbqwyhrq8zmzf51lbpgm3asdfz2-go-task-3.39.2",
              "default": true
            }
          ],
          "store_path": "/nix/store/055l0sbqwyhrq8zmzf51lbpgm3asdfz2-go-task-3.39.2"
        }
      }
    },
    "jq@latest": {
      "last_modified": "2024-11-22T01:27:12Z",
      "resolved": "github:NixOS/nixpkgs/8edf06bea5bcbee082df1b7369ff973b91618b8d#jq",
      "source": "devbox-search",
      "version": "1.7.1",
      "systems": {
        "aarch64-darwin": {
          "outputs": [
            {
              "name": "bin",
              "path": "/nix/store/1ayrnq8zpljx4m3kvgfs6kqv9vrm6zik-jq-1.7.1-bin",
              "default": true
            },
            {
              "name": "man",
              "path": "/nix/store/fy9h4wlb4a8r34jrqif25n2i24vaw9x2-jq-1.7.1-man",
              "default": true
            },
            {
              "name": "dev",
              "path": "/nix/store/05c8mk6qnrxgyazs2acg3816h57lvsvb-jq-1.7.1-dev"
            },
            {
              "name": "doc",
              "path": "/nix/store/zm4966xz8nyp9nzkn6ghhzh8hcw87bmv-jq-1.7.1-doc"
            },
            {
              "name": "out",
              "path": "/nix/store/1ldq0nn6gjpxqjxihzdd7vlppmxvmpxn-jq-1.7.1"
            }
          ],
          "store_path": "/nix/store/1ayrnq8zpljx4m3kvgfs6kqv9vrm6zik-jq-1.7.1-bin"
        },
        "aarch64-linux": {
          "outputs": [
            {
              "name": "bin",
              "path": "/nix/store/pixiqvakc6rxc10qfpy2w4dsgnmsdayv-jq-1.7.1-bin",
              "default": true
            },
            {
              "name": "man",
              "path": "/nix/store/fgjncriv2sc52b8lwm5kzabkq26kirvk-jq-1.7.1-man",
              "default": true
            },
            {
              "name": "out",
              "path": "/nix/store/5xm3x3a9jaq9fy4jrg44rk7b6hl9sgbv-jq-1.7.1"
            },
            {
              "name": "dev",
              "path": "/nix/store/gn12vqlhg68r5gwsacsiksqm6255nl3s-jq-1.7.1-dev"
            },
            {
              "name": "doc",
              "path": "/nix/store/v8cvxadadrrvi8as046wiyzb96xvih19-jq-1.7.1-doc"
            }
          ],
          "store_path": "/nix/store/pixiqvakc6rxc10qfpy2w4dsgnmsdayv-jq-1.7.1-bin"
        },
        "x86_64-darwin": {
          "outputs": [
            {
              "name": "bin",
              "path": "/nix/store/g6m0ggpijkm26ygd8vvhyd07sgriz26j-jq-1.7.1-bin",
              "default": true
            },
            {
              "name": "man",
              "path": "/nix/store/gr5mmlwr3y511brhq7nihbyixjhcn80k-jq-1.7.1-man",
              "default": true
            },
            {
              "name": "dev",
              "path": "/nix/store/cybp745j7fvdnxkf9889wiscn9cgbwjp-jq-1.7.1-dev"
            },
            {
              "name": "doc",
              "path": "/nix/store/0yhbxjsrbh7g6x7ngfc1qg6q613qbqhp-jq-1.7.1-doc"
            },
            {
              "name": "out",
              "path": "/nix/store/ganc2d577ffr1h3qcvxln1d5gn6z3m83-jq-1.7.1"
            }
          ],
          "store_path": "/nix/store/g6m0ggpijkm26ygd8vvhyd07sgriz26j-jq-1.7.1-bin"
        },
        "x86_64-linux": {
          "outputs": [
            {
              "name": "bin",
              "path": "/nix/store/75q9nlm0zn7cg6w151cc4mkqqk0mwaxa-jq-1.7.1-bin",
              "default": true
            },
            {
              "name": "man",
              "path": "/nix/store/3wwkjcpxyrryfb1dbxjp82kj8g8jaxzw-jq-1.7.1-man",
              "default": true
            },
            {
              "name": "dev",
              "path": "/nix/store/f5y04jklz034w0y55bnqhcfnd271spwa-jq-1.7.1-dev"
            },
            {
              "name": "doc",
              "path": "/nix/store/j0i0bzx90l10l3vxdwj29xjji1avp15a-jq-1.7.1-doc"
            },
            {
              "name": "out",
              "path": "/nix/store/cpzlrkcbp2s87aya4hfxigj6a68m6yzz-jq-1.7.1"
            }
          ],
          "store_path": "/nix/store/75q9nlm0zn7cg6w151cc4mkqqk0mwaxa-jq-1.7.1-bin"
        }
      }
    },
    "k9s@latest": {
      "last_modified": "2024-11-16T04:25:12Z",
      "resolved": "github:NixOS/nixpkgs/34a626458d686f1b58139620a8b2793e9e123bba#k9s",
      "source": "devbox-search",
      "version": "0.32.5",
      "systems": {
        "aarch64-darwin": {
          "outputs": [
            {
              "name": "out",
              "path": "/nix/store/l6jkbgc4spqlpn7d4naxsrhgmk4gspvs-k9s-0.32.5",
              "default": true
            }
          ],
          "store_path": "/nix/store/l6jkbgc4spqlpn7d4naxsrhgmk4gspvs-k9s-0.32.5"
        },
        "aarch64-linux": {
          "outputs": [
            {
              "name": "out",
              "path": "/nix/store/hwjs39abc19jf30n3jfw4gjihbxqargx-k9s-0.32.5",
              "default": true
            }
          ],
          "store_path": "/nix/store/hwjs39abc19jf30n3jfw4gjihbxqargx-k9s-0.32.5"
        },
        "x86_64-darwin": {
          "outputs": [
            {
              "name": "out",
              "path": "/nix/store/dx0q0sva86kfl2z7k8k4i88jpn2p3bq2-k9s-0.32.5",
              "default": true
            }
          ],
          "store_path": "/nix/store/dx0q0sva86kfl2z7k8k4i88jpn2p3bq2-k9s-0.32.5"
        },
        "x86_64-linux": {
          "outputs": [
            {
              "name": "out",
              "path": "/nix/store/dcm12f47cmaqkhr8xca0nfab84sqadn6-k9s-0.32.5",
              "default": true
            }
          ],
          "store_path": "/nix/store/dcm12f47cmaqkhr8xca0nfab84sqadn6-k9s-0.32.5"
        }
      }
    },
    "kubectl@latest": {
      "last_modified": "2024-11-16T04:25:12Z",
      "resolved": "github:NixOS/nixpkgs/34a626458d686f1b58139620a8b2793e9e123bba#kubectl",
      "source": "devbox-search",
      "version": "1.31.2",
      "systems": {
        "aarch64-darwin": {
          "outputs": [
            {
              "name": "out",
              "path": "/nix/store/4y0isz580qj1gprqihb39jzvq1h3ys8d-kubectl-1.31.2",
              "default": true
            },
            {
              "name": "man",
              "path": "/nix/store/yn7jsawkgab95ly8wjzm7qk4axins9c0-kubectl-1.31.2-man",
              "default": true
            },
            {
              "name": "convert",
              "path": "/nix/store/mgfqyq94gz2rlfg7kfyxjhlxpd88rrx1-kubectl-1.31.2-convert"
            }
          ],
          "store_path": "/nix/store/4y0isz580qj1gprqihb39jzvq1h3ys8d-kubectl-1.31.2"
        },
        "aarch64-linux": {
          "outputs": [
            {
              "name": "out",
              "path": "/nix/store/cmmrb7hbq8rpcvw5isasab3nn2bs0hf5-kubectl-1.31.2",
              "default": true
            },
            {
              "name": "man",
              "path": "/nix/store/zvncfs48dhhnpfxzmqj1dlgmc0lra96a-kubectl-1.31.2-man",
              "default": true
            },
            {
              "name": "convert",
              "path": "/nix/store/sxlxrk1msbp2djzpblqn1h2p73vfc5fs-kubectl-1.31.2-convert"
            }
          ],
          "store_path": "/nix/store/cmmrb7hbq8rpcvw5isasab3nn2bs0hf5-kubectl-1.31.2"
        },
        "x86_64-darwin": {
          "outputs": [
            {
              "name": "out",
              "path": "/nix/store/8dfd5d7i3q0jvqgzc2775kl8b5pbh7g9-kubectl-1.31.2",
              "default": true
            },
            {
              "name": "man",
              "path": "/nix/store/7rvlb9k6bs623m3f7k3ay52n9bx6id1h-kubectl-1.31.2-man",
              "default": true
            },
            {
              "name": "convert",
              "path": "/nix/store/d6yjj3akz8dddmjzp2hz2lyd1fwqaqq9-kubectl-1.31.2-convert"
            }
          ],
          "store_path": "/nix/store/8dfd5d7i3q0jvqgzc2775kl8b5pbh7g9-kubectl-1.31.2"
        },
        "x86_64-linux": {
          "outputs": [
            {
              "name": "out",
              "path": "/nix/store/wjr8vcdjb25ja1q3nvzwnzf5qg6iv8iy-kubectl-1.31.2",
              "default": true
            },
            {
              "name": "man",
              "path": "/nix/store/66mlhapc0wawjz2v05116nkp02lxinkx-kubectl-1.31.2-man",
              "default": true
            },
            {
              "name": "convert",
              "path": "/nix/store/44dsmqkr8c3lp4j417nshswcf0mpj9i5-kubectl-1.31.2-convert"
            }
          ],
          "store_path": "/nix/store/wjr8vcdjb25ja1q3nvzwnzf5qg6iv8iy-kubectl-1.31.2"
        }
      }
    },
    "kubectx@latest": {
      "last_modified": "2024-11-16T04:25:12Z",
      "resolved": "github:NixOS/nixpkgs/34a626458d686f1b58139620a8b2793e9e123bba#kubectx",
      "source": "devbox-search",
      "version": "0.9.5",
      "systems": {
        "aarch64-darwin": {
          "outputs": [
            {
              "name": "out",
              "path": "/nix/store/yj0m0c354x0aspwqc3h8is34hsh8ab30-kubectx-0.9.5",
              "default": true
            }
          ],
          "store_path": "/nix/store/yj0m0c354x0aspwqc3h8is34hsh8ab30-kubectx-0.9.5"
        },
        "aarch64-linux": {
          "outputs": [
            {
              "name": "out",
              "path": "/nix/store/hjlz6xw2sf924kmysr9xi1p59d69ywm2-kubectx-0.9.5",
              "default": true
            }
          ],
          "store_path": "/nix/store/hjlz6xw2sf924kmysr9xi1p59d69ywm2-kubectx-0.9.5"
        },
        "x86_64-darwin": {
          "outputs": [
            {
              "name": "out",
              "path": "/nix/store/3nsfm8x2z1fbr2v9jf5gy68i4389zlff-kubectx-0.9.5",
              "default": true
            }
          ],
          "store_path": "/nix/store/3nsfm8x2z1fbr2v9jf5gy68i4389zlff-kubectx-0.9.5"
        },
        "x86_64-linux": {
          "outputs": [
            {
              "name": "out",
              "path": "/nix/store/82nkp4m2h127n069vv34iz05gn6dk7vh-kubectx-0.9.5",
              "default": true
            }
          ],
          "store_path": "/nix/store/82nkp4m2h127n069vv34iz05gn6dk7vh-kubectx-0.9.5"
        }
      }
    },
    "kubernetes-helm@latest": {
      "last_modified": "2024-11-16T04:25:12Z",
      "resolved": "github:NixOS/nixpkgs/34a626458d686f1b58139620a8b2793e9e123bba#kubernetes-helm",
      "source": "devbox-search",
      "version": "3.16.3",
      "systems": {
        "aarch64-darwin": {
          "outputs": [
            {
              "name": "out",
              "path": "/nix/store/v0b54sqamjz5hkbbhbbn62rmhy1ynk5a-kubernetes-helm-3.16.3",
              "default": true
            }
          ],
          "store_path": "/nix/store/v0b54sqamjz5hkbbhbbn62rmhy1ynk5a-kubernetes-helm-3.16.3"
        },
        "aarch64-linux": {
          "outputs": [
            {
              "name": "out",
              "path": "/nix/store/vsps7v36p9nbx08v8c7x1a36mmknhacy-kubernetes-helm-3.16.3",
              "default": true
            }
          ],
          "store_path": "/nix/store/vsps7v36p9nbx08v8c7x1a36mmknhacy-kubernetes-helm-3.16.3"
        },
        "x86_64-darwin": {
          "outputs": [
            {
              "name": "out",
              "path": "/nix/store/s57dya7h9slzyrnjg8h3hzbh695ksvj5-kubernetes-helm-3.16.3",
              "default": true
            }
          ],
          "store_path": "/nix/store/s57dya7h9slzyrnjg8h3hzbh695ksvj5-kubernetes-helm-3.16.3"
        },
        "x86_64-linux": {
          "outputs": [
            {
              "name": "out",
              "path": "/nix/store/nyrghdw5xi4kiwbsw6vdvnnyra5cy0x7-kubernetes-helm-3.16.3",
              "default": true
            }
          ],
          "store_path": "/nix/store/nyrghdw5xi4kiwbsw6vdvnnyra5cy0x7-kubernetes-helm-3.16.3"
        }
      }
    },
    "mktemp@latest": {
      "last_modified": "2024-11-16T04:25:12Z",
      "resolved": "github:NixOS/nixpkgs/34a626458d686f1b58139620a8b2793e9e123bba#mktemp",
      "source": "devbox-search",
      "version": "1.7",
      "systems": {
        "aarch64-darwin": {
          "outputs": [
            {
              "name": "out",
              "path": "/nix/store/4fd35a2gy020jnsw07rv8kciz8kwny8h-mktemp-1.7",
              "default": true
            }
          ],
          "store_path": "/nix/store/4fd35a2gy020jnsw07rv8kciz8kwny8h-mktemp-1.7"
        },
        "aarch64-linux": {
          "outputs": [
            {
              "name": "out",
              "path": "/nix/store/bd3l3idxr7rxrmb9mki5if0dbqzvph2h-mktemp-1.7",
              "default": true
            }
          ],
          "store_path": "/nix/store/bd3l3idxr7rxrmb9mki5if0dbqzvph2h-mktemp-1.7"
        },
        "x86_64-darwin": {
          "outputs": [
            {
              "name": "out",
              "path": "/nix/store/ygam1snamvws17psdha9wjga27fiqp45-mktemp-1.7",
              "default": true
            }
          ],
          "store_path": "/nix/store/ygam1snamvws17psdha9wjga27fiqp45-mktemp-1.7"
        },
        "x86_64-linux": {
          "outputs": [
            {
              "name": "out",
              "path": "/nix/store/5ma83b79n5nwbm1vj6g18cif87yg0xrk-mktemp-1.7",
              "default": true
            }
          ],
          "store_path": "/nix/store/5ma83b79n5nwbm1vj6g18cif87yg0xrk-mktemp-1.7"
        }
      }
    },
    "neovim@latest": {
      "last_modified": "2024-11-16T04:25:12Z",
      "resolved": "github:NixOS/nixpkgs/34a626458d686f1b58139620a8b2793e9e123bba#neovim",
      "source": "devbox-search",
      "version": "0.10.2",
      "systems": {
        "aarch64-darwin": {
          "outputs": [
            {
              "name": "out",
              "path": "/nix/store/cczx37gj98f0qg6wviyfx2pyv6mrbf61-neovim-0.10.2",
              "default": true
            }
          ],
          "store_path": "/nix/store/cczx37gj98f0qg6wviyfx2pyv6mrbf61-neovim-0.10.2"
        },
        "aarch64-linux": {
          "outputs": [
            {
              "name": "out",
              "path": "/nix/store/6p2a3dry85dlxl24dxmzyhfhmqw2x36n-neovim-0.10.2",
              "default": true
            }
          ],
          "store_path": "/nix/store/6p2a3dry85dlxl24dxmzyhfhmqw2x36n-neovim-0.10.2"
        },
        "x86_64-darwin": {
          "outputs": [
            {
              "name": "out",
              "path": "/nix/store/09wp50gq89b5wz79dp8ixc3w8i3ax4ld-neovim-0.10.2",
              "default": true
            }
          ],
          "store_path": "/nix/store/09wp50gq89b5wz79dp8ixc3w8i3ax4ld-neovim-0.10.2"
        },
        "x86_64-linux": {
          "outputs": [
            {
              "name": "out",
              "path": "/nix/store/kd9z8b3zq7xbh66fxygljhp86zf13bkx-neovim-0.10.2",
              "default": true
            }
          ],
          "store_path": "/nix/store/kd9z8b3zq7xbh66fxygljhp86zf13bkx-neovim-0.10.2"
        }
      }
    },
    "wget@latest": {
      "last_modified": "2024-11-22T01:27:12Z",
      "resolved": "github:NixOS/nixpkgs/8edf06bea5bcbee082df1b7369ff973b91618b8d#wget",
      "source": "devbox-search",
      "version": "1.25.0",
      "systems": {
        "aarch64-darwin": {
          "outputs": [
            {
              "name": "out",
              "path": "/nix/store/3hfdiifrid2mf5v5w8va194bhgj08i57-wget-1.25.0",
              "default": true
            }
          ],
          "store_path": "/nix/store/3hfdiifrid2mf5v5w8va194bhgj08i57-wget-1.25.0"
        },
        "aarch64-linux": {
          "outputs": [
            {
              "name": "out",
              "path": "/nix/store/vdsvwl978hl366d2wazljyq5pm4fg8av-wget-1.25.0",
              "default": true
            }
          ],
          "store_path": "/nix/store/vdsvwl978hl366d2wazljyq5pm4fg8av-wget-1.25.0"
        },
        "x86_64-darwin": {
          "outputs": [
            {
              "name": "out",
              "path": "/nix/store/acbryqdvzjfi3qvx375vn3aywjiir81d-wget-1.25.0",
              "default": true
            }
          ],
          "store_path": "/nix/store/acbryqdvzjfi3qvx375vn3aywjiir81d-wget-1.25.0"
        },
        "x86_64-linux": {
          "outputs": [
            {
              "name": "out",
              "path": "/nix/store/cippdi2mfdwdygby4g5qq7dzknych67a-wget-1.25.0",
              "default": true
            }
          ],
          "store_path": "/nix/store/cippdi2mfdwdygby4g5qq7dzknych67a-wget-1.25.0"
        }
      }
    },
    "yq@latest": {
      "last_modified": "2024-11-16T04:25:12Z",
      "resolved": "github:NixOS/nixpkgs/34a626458d686f1b58139620a8b2793e9e123bba#yq",
      "source": "devbox-search",
      "version": "3.4.3",
      "systems": {
        "aarch64-darwin": {
          "outputs": [
            {
              "name": "out",
              "path": "/nix/store/6gm81dzbcpdr4735zx6xiasjnp516yl1-python3.12-yq-3.4.3",
              "default": true
            },
            {
              "name": "dist",
              "path": "/nix/store/fr2xzm5n3qykrqlmzgdrivi1pk0v8y8d-python3.12-yq-3.4.3-dist"
            }
          ],
          "store_path": "/nix/store/6gm81dzbcpdr4735zx6xiasjnp516yl1-python3.12-yq-3.4.3"
        },
        "aarch64-linux": {
          "outputs": [
            {
              "name": "out",
              "path": "/nix/store/n2zpqc1bjgf55n1qrzraniikds7xvphk-python3.12-yq-3.4.3",
              "default": true
            },
            {
              "name": "dist",
              "path": "/nix/store/81g4isvpjkr5fhq18cgmxfh3pgs3ri5n-python3.12-yq-3.4.3-dist"
            }
          ],
          "store_path": "/nix/store/n2zpqc1bjgf55n1qrzraniikds7xvphk-python3.12-yq-3.4.3"
        },
        "x86_64-darwin": {
          "outputs": [
            {
              "name": "out",
              "path": "/nix/store/idbbrcblis4j677f46f5q3y54247gb0m-python3.12-yq-3.4.3",
              "default": true
            },
            {
              "name": "dist",
              "path": "/nix/store/j92z20v9ga45kh3kcdjzyb1dp85wkknb-python3.12-yq-3.4.3-dist"
            }
          ],
          "store_path": "/nix/store/idbbrcblis4j677f46f5q3y54247gb0m-python3.12-yq-3.4.3"
        },
        "x86_64-linux": {
          "outputs": [
            {
              "name": "out",
              "path": "/nix/store/pav6s8341f5va09csmlda75nr4c39kyr-python3.12-yq-3.4.3",
              "default": true
            },
            {
              "name": "dist",
              "path": "/nix/store/sdbh65ika554siykf1skkjdswxbd6vyh-python3.12-yq-3.4.3-dist"
            }
          ],
          "store_path": "/nix/store/pav6s8341f5va09csmlda75nr4c39kyr-python3.12-yq-3.4.3"
        }
      }
    }
  }
}
